
Microsoft Visual Studio Solution File, Format Version 12.00
# Visual Studio Version 16
VisualStudioVersion = 16.0.31321.278
MinimumVisualStudioVersion = 10.0.40219.1
Project("{FAE04EC0-301F-11D3-BF4B-00C04F79EFBC}") = "Maps_Ready", "Maps_Ready\Maps_Ready.csproj", "{794CC043-BE47-44E5-B1FE-A690A4E8AA54}"
EndProject
Global
	GlobalSection(SolutionConfigurationPlatforms) = preSolution
		Debug|Any CPU = Debug|Any CPU
		Release|Any CPU = Release|Any CPU
	EndGlobalSection
	GlobalSection(ProjectConfigurationPlatforms) = postSolution
		{794CC043-BE47-44E5-B1FE-A690A4E8AA54}.Debug|Any CPU.ActiveCfg = Debug|Any CPU
		{794CC043-BE47-44E5-B1FE-A690A4E8AA54}.Debug|Any CPU.Build.0 = Debug|Any CPU
		{794CC043-BE47-44E5-B1FE-A690A4E8AA54}.Release|Any CPU.ActiveCfg = Release|Any CPU
		{794CC043-BE47-44E5-B1FE-A690A4E8AA54}.Release|Any CPU.Build.0 = Release|Any CPU
	EndGlobalSection
	GlobalSection(SolutionProperties) = preSolution
		HideSolutionNode = FALSE
	EndGlobalSection
	GlobalSection(ExtensibilityGlobals) = postSolution
		SolutionGuid = {9F8309AF-D170-421E-A742-D33B0A3A30A7}
	EndGlobalSection
EndGlobal
